# THIS IS AN AUTOGENERATED FILE. DO NOT EDIT THIS FILE DIRECTLY.
# yarn lockfile v1


"@next/env@12.2.2":
  "integrity" "sha512-BqDwE4gDl1F608TpnNxZqrCn6g48MBjvmWFEmeX5wEXDXh3IkAOw6ASKUgjT8H4OUePYFqghDFUss5ZhnbOUjw=="
  "resolved" "https://registry.npmjs.org/@next/env/-/env-12.2.2.tgz"
  "version" "12.2.2"

"@next/swc-android-arm-eabi@12.2.2":
  "integrity" "sha512-VHjuCHeq9qCprUZbsRxxM/VqSW8MmsUtqB5nEpGEgUNnQi/BTm/2aK8tl7R4D0twGKRh6g1AAeFuWtXzk9Z/vQ=="
  "resolved" "https://registry.npmjs.org/@next/swc-android-arm-eabi/-/swc-android-arm-eabi-12.2.2.tgz"
  "version" "12.2.2"

"@next/swc-android-arm64@12.2.2":
  "integrity" "sha512-v5EYzXUOSv0r9mO/2PX6mOcF53k8ndlu9yeFHVAWW1Dhw2jaJcvTRcCAwYYN8Q3tDg0nH3NbEltJDLKmcJOuVA=="
  "resolved" "https://registry.npmjs.org/@next/swc-android-arm64/-/swc-android-arm64-12.2.2.tgz"
  "version" "12.2.2"

"@next/swc-darwin-arm64@12.2.2":
  "integrity" "sha512-JCoGySHKGt+YBk7xRTFGx1QjrnCcwYxIo3yGepcOq64MoiocTM3yllQWeOAJU2/k9MH0+B5E9WUSme4rOCBbpA=="
  "resolved" "https://registry.npmjs.org/@next/swc-darwin-arm64/-/swc-darwin-arm64-12.2.2.tgz"
  "version" "12.2.2"

"@next/swc-darwin-x64@12.2.2":
  "integrity" "sha512-dztDtvfkhUqiqpXvrWVccfGhLe44yQ5tQ7B4tBfnsOR6vxzI9DNPHTlEOgRN9qDqTAcFyPxvg86mn4l8bB9Jcw=="
  "resolved" "https://registry.npmjs.org/@next/swc-darwin-x64/-/swc-darwin-x64-12.2.2.tgz"
  "version" "12.2.2"

"@next/swc-freebsd-x64@12.2.2":
  "integrity" "sha512-JUnXB+2xfxqsAvhFLPJpU1NeyDsvJrKoOjpV7g3Dxbno2Riu4tDKn3kKF886yleAuD/1qNTUCpqubTvbbT2VoA=="
  "resolved" "https://registry.npmjs.org/@next/swc-freebsd-x64/-/swc-freebsd-x64-12.2.2.tgz"
  "version" "12.2.2"

"@next/swc-linux-arm-gnueabihf@12.2.2":
  "integrity" "sha512-XeYC/qqPLz58R4pjkb+x8sUUxuGLnx9QruC7/IGkK68yW4G17PHwKI/1njFYVfXTXUukpWjcfBuauWwxp9ke7Q=="
  "resolved" "https://registry.npmjs.org/@next/swc-linux-arm-gnueabihf/-/swc-linux-arm-gnueabihf-12.2.2.tgz"
  "version" "12.2.2"

"@next/swc-linux-arm64-gnu@12.2.2":
  "integrity" "sha512-d6jT8xgfKYFkzR7J0OHo2D+kFvY/6W8qEo6/hmdrTt6AKAqxs//rbbcdoyn3YQq1x6FVUUd39zzpezZntg9Naw=="
  "resolved" "https://registry.npmjs.org/@next/swc-linux-arm64-gnu/-/swc-linux-arm64-gnu-12.2.2.tgz"
  "version" "12.2.2"

"@next/swc-linux-arm64-musl@12.2.2":
  "integrity" "sha512-rIZRFxI9N/502auJT1i7coas0HTHUM+HaXMyJiCpnY8Rimbo0495ir24tzzHo3nQqJwcflcPTwEh/DV17sdv9A=="
  "resolved" "https://registry.npmjs.org/@next/swc-linux-arm64-musl/-/swc-linux-arm64-musl-12.2.2.tgz"
  "version" "12.2.2"

"@next/swc-linux-x64-gnu@12.2.2":
  "integrity" "sha512-ir1vNadlUDj7eQk15AvfhG5BjVizuCHks9uZwBfUgT5jyeDCeRvaDCo1+Q6+0CLOAnYDR/nqSCvBgzG2UdFh9A=="
  "resolved" "https://registry.npmjs.org/@next/swc-linux-x64-gnu/-/swc-linux-x64-gnu-12.2.2.tgz"
  "version" "12.2.2"

"@next/swc-linux-x64-musl@12.2.2":
  "integrity" "sha512-bte5n2GzLN3O8JdSFYWZzMgEgDHZmRz5wiispiiDssj4ik3l8E7wq/czNi8RmIF+ioj2sYVokUNa/ekLzrESWw=="
  "resolved" "https://registry.npmjs.org/@next/swc-linux-x64-musl/-/swc-linux-x64-musl-12.2.2.tgz"
  "version" "12.2.2"

"@next/swc-win32-arm64-msvc@12.2.2":
  "integrity" "sha512-ZUGCmcDmdPVSAlwJ/aD+1F9lYW8vttseiv4n2+VCDv5JloxiX9aY32kYZaJJO7hmTLNrprvXkb4OvNuHdN22Jg=="
  "resolved" "https://registry.npmjs.org/@next/swc-win32-arm64-msvc/-/swc-win32-arm64-msvc-12.2.2.tgz"
  "version" "12.2.2"

"@next/swc-win32-ia32-msvc@12.2.2":
  "integrity" "sha512-v7ykeEDbr9eXiblGSZiEYYkWoig6sRhAbLKHUHQtk8vEWWVEqeXFcxmw6LRrKu5rCN1DY357UlYWToCGPQPCRA=="
  "resolved" "https://registry.npmjs.org/@next/swc-win32-ia32-msvc/-/swc-win32-ia32-msvc-12.2.2.tgz"
  "version" "12.2.2"

"@next/swc-win32-x64-msvc@12.2.2":
  "integrity" "sha512-2D2iinWUL6xx8D9LYVZ5qi7FP6uLAoWymt8m8aaG2Ld/Ka8/k723fJfiklfuAcwOxfufPJI+nRbT5VcgHGzHAQ=="
  "resolved" "https://registry.npmjs.org/@next/swc-win32-x64-msvc/-/swc-win32-x64-msvc-12.2.2.tgz"
  "version" "12.2.2"

"@swc/helpers@0.4.2":
  "integrity" "sha512-556Az0VX7WR6UdoTn4htt/l3zPQ7bsQWK+HqdG4swV7beUCxo/BqmvbOpUkTIm/9ih86LIf1qsUnywNL3obGHw=="
  "resolved" "https://registry.npmjs.org/@swc/helpers/-/helpers-0.4.2.tgz"
  "version" "0.4.2"
  dependencies:
    "tslib" "^2.4.0"

"@types/color-name@^1.1.1":
  "resolved" "https://registry.yarnpkg.com/@types/color-name/-/color-name-1.1.1.tgz"
  "version" "1.1.1"

"ansi-regex@^5.0.0":
  "resolved" "https://registry.yarnpkg.com/ansi-regex/-/ansi-regex-5.0.0.tgz"
  "version" "5.0.0"

"ansi-styles@^4.0.0":
  "resolved" "https://registry.yarnpkg.com/ansi-styles/-/ansi-styles-4.2.1.tgz"
  "version" "4.2.1"
  dependencies:
    "@types/color-name" "^1.1.1"
    "color-convert" "^2.0.1"

"blueimp-md5@^2.16.0":
  "resolved" "https://registry.yarnpkg.com/blueimp-md5/-/blueimp-md5-2.17.0.tgz"
  "version" "2.17.0"

"camelcase@^5.0.0":
  "resolved" "https://registry.yarnpkg.com/camelcase/-/camelcase-5.3.1.tgz"
  "version" "5.3.1"

"caniuse-lite@^1.0.30001332":
  "integrity" "sha512-XDgbeOHfifWV3GEES2B8rtsrADx4Jf+juKX2SICJcaUhjYBO3bR96kvEIHa15VU6ohtOhBZuPGGYGbXMRn0NCw=="
  "resolved" "https://registry.npmjs.org/caniuse-lite/-/caniuse-lite-1.0.30001367.tgz"
  "version" "1.0.30001367"

"cliui@^6.0.0":
  "resolved" "https://registry.yarnpkg.com/cliui/-/cliui-6.0.0.tgz"
  "version" "6.0.0"
  dependencies:
    "string-width" "^4.2.0"
    "strip-ansi" "^6.0.0"
    "wrap-ansi" "^6.2.0"

"color-convert@^2.0.1":
  "resolved" "https://registry.yarnpkg.com/color-convert/-/color-convert-2.0.1.tgz"
  "version" "2.0.1"
  dependencies:
    "color-name" "~1.1.4"

"color-name@~1.1.4":
  "resolved" "https://registry.yarnpkg.com/color-name/-/color-name-1.1.4.tgz"
  "version" "1.1.4"

"decamelize@^1.2.0":
  "resolved" "https://registry.yarnpkg.com/decamelize/-/decamelize-1.2.0.tgz"
  "version" "1.2.0"

"email-validator@^2.0.4":
  "resolved" "https://registry.yarnpkg.com/email-validator/-/email-validator-2.0.4.tgz"
  "version" "2.0.4"

"emoji-regex@^8.0.0":
  "resolved" "https://registry.yarnpkg.com/emoji-regex/-/emoji-regex-8.0.0.tgz"
  "version" "8.0.0"

"find-up@^4.1.0":
  "resolved" "https://registry.yarnpkg.com/find-up/-/find-up-4.1.0.tgz"
  "version" "4.1.0"
  dependencies:
    "locate-path" "^5.0.0"
    "path-exists" "^4.0.0"

"get-caller-file@^2.0.1":
  "resolved" "https://registry.yarnpkg.com/get-caller-file/-/get-caller-file-2.0.5.tgz"
  "version" "2.0.5"

"gravatar@^1.8.0":
  "resolved" "https://registry.yarnpkg.com/gravatar/-/gravatar-1.8.1.tgz"
  "version" "1.8.1"
  dependencies:
    "blueimp-md5" "^2.16.0"
    "email-validator" "^2.0.4"
    "querystring" "0.2.0"
    "yargs" "^15.4.1"

"is-fullwidth-code-point@^3.0.0":
  "resolved" "https://registry.yarnpkg.com/is-fullwidth-code-point/-/is-fullwidth-code-point-3.0.0.tgz"
  "version" "3.0.0"

"js-tokens@^3.0.0 || ^4.0.0":
  "resolved" "https://registry.yarnpkg.com/js-tokens/-/js-tokens-4.0.0.tgz"
  "version" "4.0.0"

"locate-path@^5.0.0":
  "resolved" "https://registry.yarnpkg.com/locate-path/-/locate-path-5.0.0.tgz"
  "version" "5.0.0"
  dependencies:
    "p-locate" "^4.1.0"

"loose-envify@^1.1.0":
  "resolved" "https://registry.yarnpkg.com/loose-envify/-/loose-envify-1.4.0.tgz"
  "version" "1.4.0"
  dependencies:
    "js-tokens" "^3.0.0 || ^4.0.0"

"nanoid@^3.1.30":
  "integrity" "sha512-MqBkQh/OHTS2egovRtLk45wEyNXwF+cokD+1YPf9u5VfJiRdAiRwB2froX5Co9Rh20xs4siNPm8naNotSD6RBw=="
  "resolved" "https://registry.npmjs.org/nanoid/-/nanoid-3.3.4.tgz"
  "version" "3.3.4"

"next@^12.1.0":
  "integrity" "sha512-zAYFY45aBry/PlKONqtlloRFqU/We3zWYdn2NoGvDZkoYUYQSJC8WMcalS5C19MxbCZLUVCX7D7a6gTGgl2yLg=="
  "resolved" "https://registry.npmjs.org/next/-/next-12.2.2.tgz"
  "version" "12.2.2"
  dependencies:
    "@next/env" "12.2.2"
    "@swc/helpers" "0.4.2"
    "caniuse-lite" "^1.0.30001332"
    "postcss" "8.4.5"
    "styled-jsx" "5.0.2"
    "use-sync-external-store" "1.1.0"
  optionalDependencies:
    "@next/swc-android-arm-eabi" "12.2.2"
    "@next/swc-android-arm64" "12.2.2"
    "@next/swc-darwin-arm64" "12.2.2"
    "@next/swc-darwin-x64" "12.2.2"
    "@next/swc-freebsd-x64" "12.2.2"
    "@next/swc-linux-arm-gnueabihf" "12.2.2"
    "@next/swc-linux-arm64-gnu" "12.2.2"
    "@next/swc-linux-arm64-musl" "12.2.2"
    "@next/swc-linux-x64-gnu" "12.2.2"
    "@next/swc-linux-x64-musl" "12.2.2"
    "@next/swc-win32-arm64-msvc" "12.2.2"
    "@next/swc-win32-ia32-msvc" "12.2.2"
    "@next/swc-win32-x64-msvc" "12.2.2"

"object-assign@^4.1.1":
  "resolved" "https://registry.yarnpkg.com/object-assign/-/object-assign-4.1.1.tgz"
  "version" "4.1.1"

"p-limit@^2.2.0":
  "resolved" "https://registry.yarnpkg.com/p-limit/-/p-limit-2.3.0.tgz"
  "version" "2.3.0"
  dependencies:
    "p-try" "^2.0.0"

"p-locate@^4.1.0":
  "resolved" "https://registry.yarnpkg.com/p-locate/-/p-locate-4.1.0.tgz"
  "version" "4.1.0"
  dependencies:
    "p-limit" "^2.2.0"

"p-try@^2.0.0":
  "resolved" "https://registry.yarnpkg.com/p-try/-/p-try-2.2.0.tgz"
  "version" "2.2.0"

"path-exists@^4.0.0":
  "resolved" "https://registry.yarnpkg.com/path-exists/-/path-exists-4.0.0.tgz"
  "version" "4.0.0"

"picocolors@^1.0.0":
  "integrity" "sha512-1fygroTLlHu66zi26VoTDv8yRgm0Fccecssto+MhsZ0D/DGW2sm8E8AjW7NU5VVTRt5GxbeZ5qBuJr+HyLYkjQ=="
  "resolved" "https://registry.npmjs.org/picocolors/-/picocolors-1.0.0.tgz"
  "version" "1.0.0"

"postcss@8.4.5":
  "integrity" "sha512-jBDboWM8qpaqwkMwItqTQTiFikhs/67OYVvblFFTM7MrZjt6yMKd6r2kgXizEbTTljacm4NldIlZnhbjr84QYg=="
  "resolved" "https://registry.npmjs.org/postcss/-/postcss-8.4.5.tgz"
  "version" "8.4.5"
  dependencies:
    "nanoid" "^3.1.30"
    "picocolors" "^1.0.0"
    "source-map-js" "^1.0.1"

"querystring@0.2.0":
  "resolved" "https://registry.yarnpkg.com/querystring/-/querystring-0.2.0.tgz"
  "version" "0.2.0"

"randombytes@^2.1.0":
  "resolved" "https://registry.yarnpkg.com/randombytes/-/randombytes-2.1.0.tgz"
  "version" "2.1.0"
  dependencies:
    "safe-buffer" "^5.1.0"

"react-dom@^17.0.1", "react-dom@^17.0.2 || ^18.0.0-0":
  "integrity" "sha512-s4h96KtLDUQlsENhMn1ar8t2bEa+q/YAtj8pPPdIjPDGBDIVNsrD9aXNWqspUe6AzKCIG0C1HZZLqLV7qpOBGA=="
  "resolved" "https://registry.npmjs.org/react-dom/-/react-dom-17.0.2.tgz"
  "version" "17.0.2"
  dependencies:
    "loose-envify" "^1.1.0"
    "object-assign" "^4.1.1"
    "scheduler" "^0.20.2"

"react@^16.8.0 || ^17.0.0 || ^18.0.0", "react@^17.0.1", "react@^17.0.2 || ^18.0.0-0", "react@>= 16.8.0 || 17.x.x || ^18.0.0-0", "react@17.0.2":
  "integrity" "sha512-gnhPt75i/dq/z3/6q/0asP78D0u592D5L1pd7M8P+dck6Fu/jJeL6iVVK23fptSUZj8Vjf++7wXA8UNclGQcbA=="
  "resolved" "https://registry.npmjs.org/react/-/react-17.0.2.tgz"
  "version" "17.0.2"
  dependencies:
    "loose-envify" "^1.1.0"
    "object-assign" "^4.1.1"

"require-directory@^2.1.1":
  "resolved" "https://registry.yarnpkg.com/require-directory/-/require-directory-2.1.1.tgz"
  "version" "2.1.1"

"require-main-filename@^2.0.0":
  "resolved" "https://registry.yarnpkg.com/require-main-filename/-/require-main-filename-2.0.0.tgz"
  "version" "2.0.0"

"safe-buffer@^5.1.0":
  "resolved" "https://registry.yarnpkg.com/safe-buffer/-/safe-buffer-5.2.1.tgz"
  "version" "5.2.1"

"scheduler@^0.20.2":
  "integrity" "sha512-2eWfGgAqqWFGqtdMmcL5zCMK1U8KlXv8SQFGglL3CEtd0aDVDWgeF/YoCmvln55m5zSk3J/20hTaSBeSObsQDQ=="
  "resolved" "https://registry.npmjs.org/scheduler/-/scheduler-0.20.2.tgz"
  "version" "0.20.2"
  dependencies:
    "loose-envify" "^1.1.0"
    "object-assign" "^4.1.1"

"serialize-javascript@^3.1.0":
  "resolved" "https://registry.yarnpkg.com/serialize-javascript/-/serialize-javascript-3.1.0.tgz"
  "version" "3.1.0"
  dependencies:
    "randombytes" "^2.1.0"

"set-blocking@^2.0.0":
  "resolved" "https://registry.yarnpkg.com/set-blocking/-/set-blocking-2.0.0.tgz"
  "version" "2.0.0"

"source-map-js@^1.0.1":
  "integrity" "sha512-R0XvVJ9WusLiqTCEiGCmICCMplcCkIwwR11mOSD9CR5u+IXYdiseeEuXCVAjS54zqwkLcPNnmU4OeJ6tUrWhDw=="
  "resolved" "https://registry.npmjs.org/source-map-js/-/source-map-js-1.0.2.tgz"
  "version" "1.0.2"

"string-width@^4.1.0", "string-width@^4.2.0":
  "resolved" "https://registry.yarnpkg.com/string-width/-/string-width-4.2.0.tgz"
  "version" "4.2.0"
  dependencies:
    "emoji-regex" "^8.0.0"
    "is-fullwidth-code-point" "^3.0.0"
    "strip-ansi" "^6.0.0"

"strip-ansi@^6.0.0":
  "resolved" "https://registry.yarnpkg.com/strip-ansi/-/strip-ansi-6.0.0.tgz"
  "version" "6.0.0"
  dependencies:
    "ansi-regex" "^5.0.0"

"styled-jsx@5.0.2":
  "integrity" "sha512-LqPQrbBh3egD57NBcHET4qcgshPks+yblyhPlH2GY8oaDgKs8SK4C3dBh3oSJjgzJ3G5t1SYEZGHkP+QEpX9EQ=="
  "resolved" "https://registry.npmjs.org/styled-jsx/-/styled-jsx-5.0.2.tgz"
  "version" "5.0.2"

"tslib@^2.4.0":
  "integrity" "sha512-d6xOpEDfsi2CZVlPQzGeux8XMwLT9hssAsaPYExaQMuYskwb+x1x7J371tWlbBdWHroy99KnVB6qIkUbs5X3UQ=="
  "resolved" "https://registry.npmjs.org/tslib/-/tslib-2.4.0.tgz"
  "version" "2.4.0"

"use-sync-external-store@1.1.0":
  "integrity" "sha512-SEnieB2FPKEVne66NpXPd1Np4R1lTNKfjuy3XdIoPQKYBAFdzbzSZlSn1KJZUiihQLQC5Znot4SBz1EOTBwQAQ=="
  "resolved" "https://registry.npmjs.org/use-sync-external-store/-/use-sync-external-store-1.1.0.tgz"
  "version" "1.1.0"

"which-module@^2.0.0":
  "resolved" "https://registry.yarnpkg.com/which-module/-/which-module-2.0.0.tgz"
  "version" "2.0.0"

"wrap-ansi@^6.2.0":
  "resolved" "https://registry.yarnpkg.com/wrap-ansi/-/wrap-ansi-6.2.0.tgz"
  "version" "6.2.0"
  dependencies:
    "ansi-styles" "^4.0.0"
    "string-width" "^4.1.0"
    "strip-ansi" "^6.0.0"

"y18n@^4.0.0":
  "resolved" "https://registry.yarnpkg.com/y18n/-/y18n-4.0.0.tgz"
  "version" "4.0.0"

"yargs-parser@^18.1.2":
  "resolved" "https://registry.yarnpkg.com/yargs-parser/-/yargs-parser-18.1.3.tgz"
  "version" "18.1.3"
  dependencies:
    "camelcase" "^5.0.0"
    "decamelize" "^1.2.0"

"yargs@^15.4.1":
  "resolved" "https://registry.yarnpkg.com/yargs/-/yargs-15.4.1.tgz"
  "version" "15.4.1"
  dependencies:
    "cliui" "^6.0.0"
    "decamelize" "^1.2.0"
    "find-up" "^4.1.0"
    "get-caller-file" "^2.0.1"
    "require-directory" "^2.1.1"
    "require-main-filename" "^2.0.0"
    "set-blocking" "^2.0.0"
    "string-width" "^4.2.0"
    "which-module" "^2.0.0"
    "y18n" "^4.0.0"
    "yargs-parser" "^18.1.2"
