# THIS IS AN AUTOGENERATED FILE. DO NOT EDIT THIS FILE DIRECTLY.
# yarn lockfile v1


"@next/env@12.2.2":
  version "12.2.2"
  resolved "https://registry.npmjs.org/@next/env/-/env-12.2.2.tgz"

"@next/swc-android-arm-eabi@12.2.2":
  version "12.2.2"
  resolved "https://registry.npmjs.org/@next/swc-android-arm-eabi/-/swc-android-arm-eabi-12.2.2.tgz"

"@next/swc-android-arm64@12.2.2":
  version "12.2.2"
  resolved "https://registry.npmjs.org/@next/swc-android-arm64/-/swc-android-arm64-12.2.2.tgz"

"@next/swc-darwin-arm64@12.2.2":
  version "12.2.2"
  resolved "https://registry.npmjs.org/@next/swc-darwin-arm64/-/swc-darwin-arm64-12.2.2.tgz"

"@next/swc-darwin-x64@12.2.2":
  version "12.2.2"
  resolved "https://registry.npmjs.org/@next/swc-darwin-x64/-/swc-darwin-x64-12.2.2.tgz"

"@next/swc-freebsd-x64@12.2.2":
  version "12.2.2"
  resolved "https://registry.npmjs.org/@next/swc-freebsd-x64/-/swc-freebsd-x64-12.2.2.tgz"

"@next/swc-linux-arm-gnueabihf@12.2.2":
  version "12.2.2"
  resolved "https://registry.npmjs.org/@next/swc-linux-arm-gnueabihf/-/swc-linux-arm-gnueabihf-12.2.2.tgz"

"@next/swc-linux-arm64-gnu@12.2.2":
  version "12.2.2"
  resolved "https://registry.npmjs.org/@next/swc-linux-arm64-gnu/-/swc-linux-arm64-gnu-12.2.2.tgz"

"@next/swc-linux-arm64-musl@12.2.2":
  version "12.2.2"
  resolved "https://registry.npmjs.org/@next/swc-linux-arm64-musl/-/swc-linux-arm64-musl-12.2.2.tgz"

"@next/swc-linux-x64-gnu@12.2.2":
  version "12.2.2"
  resolved "https://registry.npmjs.org/@next/swc-linux-x64-gnu/-/swc-linux-x64-gnu-12.2.2.tgz"

"@next/swc-linux-x64-musl@12.2.2":
  version "12.2.2"
  resolved "https://registry.npmjs.org/@next/swc-linux-x64-musl/-/swc-linux-x64-musl-12.2.2.tgz"

"@next/swc-win32-arm64-msvc@12.2.2":
  version "12.2.2"
  resolved "https://registry.npmjs.org/@next/swc-win32-arm64-msvc/-/swc-win32-arm64-msvc-12.2.2.tgz"

"@next/swc-win32-ia32-msvc@12.2.2":
  version "12.2.2"
  resolved "https://registry.npmjs.org/@next/swc-win32-ia32-msvc/-/swc-win32-ia32-msvc-12.2.2.tgz"

"@next/swc-win32-x64-msvc@12.2.2":
  version "12.2.2"
  resolved "https://registry.npmjs.org/@next/swc-win32-x64-msvc/-/swc-win32-x64-msvc-12.2.2.tgz"

"@swc/helpers@0.4.2":
  version "0.4.2"
  resolved "https://registry.npmjs.org/@swc/helpers/-/helpers-0.4.2.tgz"
  dependencies:
    tslib "^2.4.0"

"@types/color-name@^1.1.1":
  version "1.1.1"
  resolved "https://registry.yarnpkg.com/@types/color-name/-/color-name-1.1.1.tgz"

ansi-regex@^5.0.0:
  version "5.0.0"
  resolved "https://registry.yarnpkg.com/ansi-regex/-/ansi-regex-5.0.0.tgz"

ansi-styles@^4.0.0:
  version "4.2.1"
  resolved "https://registry.yarnpkg.com/ansi-styles/-/ansi-styles-4.2.1.tgz"
  dependencies:
    "@types/color-name" "^1.1.1"
    color-convert "^2.0.1"

blueimp-md5@^2.16.0:
  version "2.17.0"
  resolved "https://registry.yarnpkg.com/blueimp-md5/-/blueimp-md5-2.17.0.tgz"

camelcase@^5.0.0:
  version "5.3.1"
  resolved "https://registry.yarnpkg.com/camelcase/-/camelcase-5.3.1.tgz"

caniuse-lite@^1.0.30001332:
  version "1.0.30001367"
  resolved "https://registry.npmjs.org/caniuse-lite/-/caniuse-lite-1.0.30001367.tgz"

cliui@^6.0.0:
  version "6.0.0"
  resolved "https://registry.yarnpkg.com/cliui/-/cliui-6.0.0.tgz"
  dependencies:
    string-width "^4.2.0"
    strip-ansi "^6.0.0"
    wrap-ansi "^6.2.0"

color-convert@^2.0.1:
  version "2.0.1"
  resolved "https://registry.yarnpkg.com/color-convert/-/color-convert-2.0.1.tgz"
  dependencies:
    color-name "~1.1.4"

color-name@~1.1.4:
  version "1.1.4"
  resolved "https://registry.yarnpkg.com/color-name/-/color-name-1.1.4.tgz"

decamelize@^1.2.0:
  version "1.2.0"
  resolved "https://registry.yarnpkg.com/decamelize/-/decamelize-1.2.0.tgz"

email-validator@^2.0.4:
  version "2.0.4"
  resolved "https://registry.yarnpkg.com/email-validator/-/email-validator-2.0.4.tgz"

emoji-regex@^8.0.0:
  version "8.0.0"
  resolved "https://registry.yarnpkg.com/emoji-regex/-/emoji-regex-8.0.0.tgz"

find-up@^4.1.0:
  version "4.1.0"
  resolved "https://registry.yarnpkg.com/find-up/-/find-up-4.1.0.tgz"
  dependencies:
    locate-path "^5.0.0"
    path-exists "^4.0.0"

get-caller-file@^2.0.1:
  version "2.0.5"
  resolved "https://registry.yarnpkg.com/get-caller-file/-/get-caller-file-2.0.5.tgz"

gravatar@^1.8.0:
  version "1.8.1"
  resolved "https://registry.yarnpkg.com/gravatar/-/gravatar-1.8.1.tgz"
  dependencies:
    blueimp-md5 "^2.16.0"
    email-validator "^2.0.4"
    querystring "0.2.0"
    yargs "^15.4.1"

is-fullwidth-code-point@^3.0.0:
  version "3.0.0"
  resolved "https://registry.yarnpkg.com/is-fullwidth-code-point/-/is-fullwidth-code-point-3.0.0.tgz"

"js-tokens@^3.0.0 || ^4.0.0":
  version "4.0.0"
  resolved "https://registry.yarnpkg.com/js-tokens/-/js-tokens-4.0.0.tgz"

kind-of@>=6.0.3:
  version "6.0.3"
  resolved "https://registry.yarnpkg.com/kind-of/-/kind-of-6.0.3.tgz#07c05034a6c349fa06e24fa35aa76db4580ce4dd"

locate-path@^5.0.0:
  version "5.0.0"
  resolved "https://registry.yarnpkg.com/locate-path/-/locate-path-5.0.0.tgz"
  dependencies:
    p-locate "^4.1.0"

loose-envify@^1.1.0:
  version "1.4.0"
  resolved "https://registry.yarnpkg.com/loose-envify/-/loose-envify-1.4.0.tgz"
  dependencies:
    js-tokens "^3.0.0 || ^4.0.0"

nanoid@^3.1.30:
  version "3.3.4"
  resolved "https://registry.npmjs.org/nanoid/-/nanoid-3.3.4.tgz"

next@^12.1.0:
  version "12.2.2"
  resolved "https://registry.npmjs.org/next/-/next-12.2.2.tgz"
  dependencies:
    "@next/env" "12.2.2"
    "@swc/helpers" "0.4.2"
    caniuse-lite "^1.0.30001332"
    postcss "8.4.5"
    styled-jsx "5.0.2"
    use-sync-external-store "1.1.0"
  optionalDependencies:
    "@next/swc-android-arm-eabi" "12.2.2"
    "@next/swc-android-arm64" "12.2.2"
    "@next/swc-darwin-arm64" "12.2.2"
    "@next/swc-darwin-x64" "12.2.2"
    "@next/swc-freebsd-x64" "12.2.2"
    "@next/swc-linux-arm-gnueabihf" "12.2.2"
    "@next/swc-linux-arm64-gnu" "12.2.2"
    "@next/swc-linux-arm64-musl" "12.2.2"
    "@next/swc-linux-x64-gnu" "12.2.2"
    "@next/swc-linux-x64-musl" "12.2.2"
    "@next/swc-win32-arm64-msvc" "12.2.2"
    "@next/swc-win32-ia32-msvc" "12.2.2"
    "@next/swc-win32-x64-msvc" "12.2.2"

object-assign@^4.1.1:
  version "4.1.1"
  resolved "https://registry.yarnpkg.com/object-assign/-/object-assign-4.1.1.tgz"

p-limit@^2.2.0:
  version "2.3.0"
  resolved "https://registry.yarnpkg.com/p-limit/-/p-limit-2.3.0.tgz"
  dependencies:
    p-try "^2.0.0"

p-locate@^4.1.0:
  version "4.1.0"
  resolved "https://registry.yarnpkg.com/p-locate/-/p-locate-4.1.0.tgz"
  dependencies:
    p-limit "^2.2.0"

p-try@^2.0.0:
  version "2.2.0"
  resolved "https://registry.yarnpkg.com/p-try/-/p-try-2.2.0.tgz"

path-exists@^4.0.0:
  version "4.0.0"
  resolved "https://registry.yarnpkg.com/path-exists/-/path-exists-4.0.0.tgz"

picocolors@^1.0.0:
  version "1.0.0"
  resolved "https://registry.npmjs.org/picocolors/-/picocolors-1.0.0.tgz"

postcss@8.4.5:
  version "8.4.5"
  resolved "https://registry.npmjs.org/postcss/-/postcss-8.4.5.tgz"
  dependencies:
    nanoid "^3.1.30"
    picocolors "^1.0.0"
    source-map-js "^1.0.1"

querystring@0.2.0:
  version "0.2.0"
  resolved "https://registry.yarnpkg.com/querystring/-/querystring-0.2.0.tgz"

randombytes@^2.1.0:
  version "2.1.0"
  resolved "https://registry.yarnpkg.com/randombytes/-/randombytes-2.1.0.tgz"
  dependencies:
    safe-buffer "^5.1.0"

react-dom@^17.0.1:
  version "17.0.2"
  resolved "https://registry.npmjs.org/react-dom/-/react-dom-17.0.2.tgz"
  dependencies:
    loose-envify "^1.1.0"
    object-assign "^4.1.1"
    scheduler "^0.20.2"

react@^17.0.1:
  version "17.0.2"
  resolved "https://registry.npmjs.org/react/-/react-17.0.2.tgz"
  dependencies:
    loose-envify "^1.1.0"
    object-assign "^4.1.1"

require-directory@^2.1.1:
  version "2.1.1"
  resolved "https://registry.yarnpkg.com/require-directory/-/require-directory-2.1.1.tgz"

require-main-filename@^2.0.0:
  version "2.0.0"
  resolved "https://registry.yarnpkg.com/require-main-filename/-/require-main-filename-2.0.0.tgz"

safe-buffer@^5.1.0:
  version "5.2.1"
  resolved "https://registry.yarnpkg.com/safe-buffer/-/safe-buffer-5.2.1.tgz"

scheduler@^0.20.2:
  version "0.20.2"
  resolved "https://registry.npmjs.org/scheduler/-/scheduler-0.20.2.tgz"
  dependencies:
    loose-envify "^1.1.0"
    object-assign "^4.1.1"

serialize-javascript@^3.1.0:
  version "3.1.0"
  resolved "https://registry.yarnpkg.com/serialize-javascript/-/serialize-javascript-3.1.0.tgz"
  dependencies:
    randombytes "^2.1.0"

set-blocking@^2.0.0:
  version "2.0.0"
  resolved "https://registry.yarnpkg.com/set-blocking/-/set-blocking-2.0.0.tgz"

source-map-js@^1.0.1:
  version "1.0.2"
  resolved "https://registry.npmjs.org/source-map-js/-/source-map-js-1.0.2.tgz"

string-width@^4.1.0, string-width@^4.2.0:
  version "4.2.0"
  resolved "https://registry.yarnpkg.com/string-width/-/string-width-4.2.0.tgz"
  dependencies:
    emoji-regex "^8.0.0"
    is-fullwidth-code-point "^3.0.0"
    strip-ansi "^6.0.0"

strip-ansi@^6.0.0:
  version "6.0.0"
  resolved "https://registry.yarnpkg.com/strip-ansi/-/strip-ansi-6.0.0.tgz"
  dependencies:
    ansi-regex "^5.0.0"

styled-jsx@5.0.2:
  version "5.0.2"
  resolved "https://registry.npmjs.org/styled-jsx/-/styled-jsx-5.0.2.tgz"

tslib@^2.4.0:
  version "2.4.0"
  resolved "https://registry.npmjs.org/tslib/-/tslib-2.4.0.tgz"

use-sync-external-store@1.1.0:
  version "1.1.0"
  resolved "https://registry.npmjs.org/use-sync-external-store/-/use-sync-external-store-1.1.0.tgz"

which-module@^2.0.0:
  version "2.0.0"
  resolved "https://registry.yarnpkg.com/which-module/-/which-module-2.0.0.tgz"

wrap-ansi@^6.2.0:
  version "6.2.0"
  resolved "https://registry.yarnpkg.com/wrap-ansi/-/wrap-ansi-6.2.0.tgz"
  dependencies:
    ansi-styles "^4.0.0"
    string-width "^4.1.0"
    strip-ansi "^6.0.0"

y18n@^4.0.0:
  version "4.0.3"
  resolved "https://registry.yarnpkg.com/y18n/-/y18n-4.0.3.tgz#b5f259c82cd6e336921efd7bfd8bf560de9eeedf"

yargs-parser@^18.1.2:
  version "18.1.3"
  resolved "https://registry.yarnpkg.com/yargs-parser/-/yargs-parser-18.1.3.tgz"
  dependencies:
    camelcase "^5.0.0"
    decamelize "^1.2.0"

yargs@^15.4.1:
  version "15.4.1"
  resolved "https://registry.yarnpkg.com/yargs/-/yargs-15.4.1.tgz"
  dependencies:
    cliui "^6.0.0"
    decamelize "^1.2.0"
    find-up "^4.1.0"
    get-caller-file "^2.0.1"
    require-directory "^2.1.1"
    require-main-filename "^2.0.0"
    set-blocking "^2.0.0"
    string-width "^4.2.0"
    which-module "^2.0.0"
    y18n "^4.0.0"
    yargs-parser "^18.1.2"
